# THIS IS AN AUTOGENERATED FILE. DO NOT EDIT THIS FILE DIRECTLY.
# yarn lockfile v1


"@babel/runtime@^7.1.2", "@babel/runtime@^7.10.0", "@babel/runtime@^7.12.1", "@babel/runtime@^7.3.1", "@babel/runtime@^7.4.4", "@babel/runtime@^7.5.5", "@babel/runtime@^7.6.3", "@babel/runtime@^7.8.3", "@babel/runtime@^7.8.7":
  version "7.12.5"
  resolved "https://registry.yarnpkg.com/@babel/runtime/-/runtime-7.12.5.tgz#410e7e487441e1b360c29be715d870d9b985882e"
  integrity sha512-plcc+hbExy3McchJCEQG3knOsuh3HH+Prx1P6cLIkET/0dLuQDEnrT+s27Axgc9bqfsmNUNHfscgMUdBpC9xfg==
  dependencies:
    regenerator-runtime "^0.13.4"

"@emotion/hash@^0.8.0":
  version "0.8.0"
  resolved "https://registry.yarnpkg.com/@emotion/hash/-/hash-0.8.0.tgz#bbbff68978fefdbe68ccb533bc8cbe1d1afb5413"
  integrity sha512-kBJtf7PH6aWwZ6fka3zQ0p6SBYzx4fl1LoZXE2RrnYST9Xljm7WfKJrU4g/Xr3Beg72MLrp1AWNUmuYJTL7Cow==

"@jest/types@^24.9.0":
  version "24.9.0"
  resolved "https://registry.yarnpkg.com/@jest/types/-/types-24.9.0.tgz#63cb26cb7500d069e5a389441a7c6ab5e909fc59"
  integrity sha512-XKK7ze1apu5JWQ5eZjHITP66AX+QsLlbaJRBGYr8pNzwcAE2JVkwnf0yqjHTsDRcjR0mujy/NmZMXw5kl+kGBw==
  dependencies:
    "@types/istanbul-lib-coverage" "^2.0.0"
    "@types/istanbul-reports" "^1.1.1"
    "@types/yargs" "^13.0.0"

"@material-ui/core@^4.11.0", "@material-ui/core@^4.3.3":
  version "4.11.0"
  resolved "https://registry.yarnpkg.com/@material-ui/core/-/core-4.11.0.tgz#b69b26e4553c9e53f2bfaf1053e216a0af9be15a"
  integrity sha512-bYo9uIub8wGhZySHqLQ833zi4ZML+XCBE1XwJ8EuUVSpTWWG57Pm+YugQToJNFsEyiKFhPh8DPD0bgupz8n01g==
  dependencies:
    "@babel/runtime" "^7.4.4"
    "@material-ui/styles" "^4.10.0"
    "@material-ui/system" "^4.9.14"
    "@material-ui/types" "^5.1.0"
    "@material-ui/utils" "^4.10.2"
    "@types/react-transition-group" "^4.2.0"
    clsx "^1.0.4"
    hoist-non-react-statics "^3.3.2"
    popper.js "1.16.1-lts"
    prop-types "^15.7.2"
    react-is "^16.8.0"
    react-transition-group "^4.4.0"

"@material-ui/icons@^4.2.1":
  version "4.9.1"
  resolved "https://registry.yarnpkg.com/@material-ui/icons/-/icons-4.9.1.tgz#fdeadf8cb3d89208945b33dbc50c7c616d0bd665"
  integrity sha512-GBitL3oBWO0hzBhvA9KxqcowRUsA0qzwKkURyC8nppnC3fw54KPKZ+d4V1Eeg/UnDRSzDaI9nGCdel/eh9AQMg==
  dependencies:
    "@babel/runtime" "^7.4.4"

"@material-ui/styles@^4.10.0", "@material-ui/styles@^4.3.3":
  version "4.10.0"
  resolved "https://registry.yarnpkg.com/@material-ui/styles/-/styles-4.10.0.tgz#2406dc23aa358217aa8cc772e6237bd7f0544071"
  integrity sha512-XPwiVTpd3rlnbfrgtEJ1eJJdFCXZkHxy8TrdieaTvwxNYj42VnnCyFzxYeNW9Lhj4V1oD8YtQ6S5Gie7bZDf7Q==
  dependencies:
    "@babel/runtime" "^7.4.4"
    "@emotion/hash" "^0.8.0"
    "@material-ui/types" "^5.1.0"
    "@material-ui/utils" "^4.9.6"
    clsx "^1.0.4"
    csstype "^2.5.2"
    hoist-non-react-statics "^3.3.2"
    jss "^10.0.3"
    jss-plugin-camel-case "^10.0.3"
    jss-plugin-default-unit "^10.0.3"
    jss-plugin-global "^10.0.3"
    jss-plugin-nested "^10.0.3"
    jss-plugin-props-sort "^10.0.3"
    jss-plugin-rule-value-function "^10.0.3"
    jss-plugin-vendor-prefixer "^10.0.3"
    prop-types "^15.7.2"

"@material-ui/system@^4.9.14":
  version "4.9.14"
  resolved "https://registry.yarnpkg.com/@material-ui/system/-/system-4.9.14.tgz#4b00c48b569340cefb2036d0596b93ac6c587a5f"
  integrity sha512-oQbaqfSnNlEkXEziDcJDDIy8pbvwUmZXWNqlmIwDqr/ZdCK8FuV3f4nxikUh7hvClKV2gnQ9djh5CZFTHkZj3w==
  dependencies:
    "@babel/runtime" "^7.4.4"
    "@material-ui/utils" "^4.9.6"
    csstype "^2.5.2"
    prop-types "^15.7.2"

"@material-ui/types@^5.1.0":
  version "5.1.0"
  resolved "https://registry.yarnpkg.com/@material-ui/types/-/types-5.1.0.tgz#efa1c7a0b0eaa4c7c87ac0390445f0f88b0d88f2"
  integrity sha512-7cqRjrY50b8QzRSYyhSpx4WRw2YuO0KKIGQEVk5J8uoz2BanawykgZGoWEqKm7pVIbzFDN0SpPcVV4IhOFkl8A==

"@material-ui/utils@^4.10.2", "@material-ui/utils@^4.9.6":
  version "4.10.2"
  resolved "https://registry.yarnpkg.com/@material-ui/utils/-/utils-4.10.2.tgz#3fd5470ca61b7341f1e0468ac8f29a70bf6df321"
  integrity sha512-eg29v74P7W5r6a4tWWDAAfZldXIzfyO1am2fIsC39hdUUHm/33k6pGOKPbgDjg/U/4ifmgAePy/1OjkKN6rFRw==
  dependencies:
    "@babel/runtime" "^7.4.4"
    prop-types "^15.7.2"
    react-is "^16.8.0"

"@redux-saga/core@^1.1.3":
  version "1.1.3"
  resolved "https://registry.yarnpkg.com/@redux-saga/core/-/core-1.1.3.tgz#3085097b57a4ea8db5528d58673f20ce0950f6a4"
  integrity sha512-8tInBftak8TPzE6X13ABmEtRJGjtK17w7VUs7qV17S8hCO5S3+aUTWZ/DBsBJPdE8Z5jOPwYALyvofgq1Ws+kg==
  dependencies:
    "@babel/runtime" "^7.6.3"
    "@redux-saga/deferred" "^1.1.2"
    "@redux-saga/delay-p" "^1.1.2"
    "@redux-saga/is" "^1.1.2"
    "@redux-saga/symbols" "^1.1.2"
    "@redux-saga/types" "^1.1.0"
    redux "^4.0.4"
    typescript-tuple "^2.2.1"

"@redux-saga/deferred@^1.1.2":
  version "1.1.2"
  resolved "https://registry.yarnpkg.com/@redux-saga/deferred/-/deferred-1.1.2.tgz#59937a0eba71fff289f1310233bc518117a71888"
  integrity sha512-908rDLHFN2UUzt2jb4uOzj6afpjgJe3MjICaUNO3bvkV/kN/cNeI9PMr8BsFXB/MR8WTAZQq/PlTq8Kww3TBSQ==

"@redux-saga/delay-p@^1.1.2":
  version "1.1.2"
  resolved "https://registry.yarnpkg.com/@redux-saga/delay-p/-/delay-p-1.1.2.tgz#8f515f4b009b05b02a37a7c3d0ca9ddc157bb355"
  integrity sha512-ojc+1IoC6OP65Ts5+ZHbEYdrohmIw1j9P7HS9MOJezqMYtCDgpkoqB5enAAZrNtnbSL6gVCWPHaoaTY5KeO0/g==
  dependencies:
    "@redux-saga/symbols" "^1.1.2"

"@redux-saga/is@^1.1.2":
  version "1.1.2"
  resolved "https://registry.yarnpkg.com/@redux-saga/is/-/is-1.1.2.tgz#ae6c8421f58fcba80faf7cadb7d65b303b97e58e"
  integrity sha512-OLbunKVsCVNTKEf2cH4TYyNbbPgvmZ52iaxBD4I1fTif4+MTXMa4/Z07L83zW/hTCXwpSZvXogqMqLfex2Tg6w==
  dependencies:
    "@redux-saga/symbols" "^1.1.2"
    "@redux-saga/types" "^1.1.0"

"@redux-saga/symbols@^1.1.2":
  version "1.1.2"
  resolved "https://registry.yarnpkg.com/@redux-saga/symbols/-/symbols-1.1.2.tgz#216a672a487fc256872b8034835afc22a2d0595d"
  integrity sha512-EfdGnF423glv3uMwLsGAtE6bg+R9MdqlHEzExnfagXPrIiuxwr3bdiAwz3gi+PsrQ3yBlaBpfGLtDG8rf3LgQQ==

"@redux-saga/types@^1.1.0":
  version "1.1.0"
  resolved "https://registry.yarnpkg.com/@redux-saga/types/-/types-1.1.0.tgz#0e81ce56b4883b4b2a3001ebe1ab298b84237204"
  integrity sha512-afmTuJrylUU/0OtqzaRkbyYFFNgCF73Bvel/sw90pvGrWIZ+vyoIJqA6eMSoA6+nb443kTmulmBtC9NerXboNg==

"@sheerun/mutationobserver-shim@^0.3.2":
  version "0.3.3"
  resolved "https://registry.yarnpkg.com/@sheerun/mutationobserver-shim/-/mutationobserver-shim-0.3.3.tgz#5405ee8e444ed212db44e79351f0c70a582aae25"
  integrity sha512-DetpxZw1fzPD5xUBrIAoplLChO2VB8DlL5Gg+I1IR9b2wPqYIca2WSUxL5g1vLeR4MsQq1NeWriXAVffV+U1Fw==

"@testing-library/dom@^5.6.1":
  version "5.6.1"
  resolved "https://registry.yarnpkg.com/@testing-library/dom/-/dom-5.6.1.tgz#705a1cb4a039b877c1e69e916824038e837ab637"
  integrity sha512-Y1T2bjtvQMewffn1CJ28kpgnuvPYKsBcZMagEH0ppfEMZPDc8AkkEnTk4smrGZKw0cblNB3lhM2FMnpfLExlHg==
  dependencies:
    "@babel/runtime" "^7.5.5"
    "@sheerun/mutationobserver-shim" "^0.3.2"
    aria-query "3.0.0"
    pretty-format "^24.8.0"
    wait-for-expect "^1.2.0"

"@testing-library/react@^8.0.7":
  version "8.0.9"
  resolved "https://registry.yarnpkg.com/@testing-library/react/-/react-8.0.9.tgz#1ecd96bc3471b06dd2f9763b6e53a7ace28a54a2"
  integrity sha512-I7zd+MW5wk8rQA5VopZgBfxGKUd91jgZ6Vzj2gMqFf2iGGtKwvI5SVTrIJcSFaOXK88T2EUsbsIKugDtoqOcZQ==
  dependencies:
    "@babel/runtime" "^7.5.5"
    "@testing-library/dom" "^5.6.1"

"@types/istanbul-lib-coverage@*", "@types/istanbul-lib-coverage@^2.0.0":
  version "2.0.3"
  resolved "https://registry.yarnpkg.com/@types/istanbul-lib-coverage/-/istanbul-lib-coverage-2.0.3.tgz#4ba8ddb720221f432e443bd5f9117fd22cfd4762"
  integrity sha512-sz7iLqvVUg1gIedBOvlkxPlc8/uVzyS5OwGz1cKjXzkl3FpL3al0crU8YGU1WoHkxn0Wxbw5tyi6hvzJKNzFsw==

"@types/istanbul-lib-report@*":
  version "3.0.0"
  resolved "https://registry.yarnpkg.com/@types/istanbul-lib-report/-/istanbul-lib-report-3.0.0.tgz#c14c24f18ea8190c118ee7562b7ff99a36552686"
  integrity sha512-plGgXAPfVKFoYfa9NpYDAkseG+g6Jr294RqeqcqDixSbU34MZVJRi/P+7Y8GDpzkEwLaGZZOpKIEmeVZNtKsrg==
  dependencies:
    "@types/istanbul-lib-coverage" "*"

"@types/istanbul-reports@^1.1.1":
  version "1.1.2"
  resolved "https://registry.yarnpkg.com/@types/istanbul-reports/-/istanbul-reports-1.1.2.tgz#e875cc689e47bce549ec81f3df5e6f6f11cfaeb2"
  integrity sha512-P/W9yOX/3oPZSpaYOCQzGqgCQRXn0FFO/V8bWrCQs+wLmvVVxk6CRBXALEvNs9OHIatlnlFokfhuDo2ug01ciw==
  dependencies:
    "@types/istanbul-lib-coverage" "*"
    "@types/istanbul-lib-report" "*"

"@types/prop-types@*":
  version "15.7.3"
  resolved "https://registry.yarnpkg.com/@types/prop-types/-/prop-types-15.7.3.tgz#2ab0d5da2e5815f94b0b9d4b95d1e5f243ab2ca7"
  integrity sha512-KfRL3PuHmqQLOG+2tGpRO26Ctg+Cq1E01D2DMriKEATHgWLfeNDmq9e29Q9WIky0dQ3NPkd1mzYH8Lm936Z9qw==

"@types/react-transition-group@^4.2.0":
  version "4.4.0"
  resolved "https://registry.yarnpkg.com/@types/react-transition-group/-/react-transition-group-4.4.0.tgz#882839db465df1320e4753e6e9f70ca7e9b4d46d"
  integrity sha512-/QfLHGpu+2fQOqQaXh8MG9q03bFENooTb/it4jr5kKaZlDQfWvjqWZg48AwzPVMBHlRuTRAY7hRHCEOXz5kV6w==
  dependencies:
    "@types/react" "*"

"@types/react@*":
  version "16.9.56"
  resolved "https://registry.yarnpkg.com/@types/react/-/react-16.9.56.tgz#ea25847b53c5bec064933095fc366b1462e2adf0"
  integrity sha512-gIkl4J44G/qxbuC6r2Xh+D3CGZpJ+NdWTItAPmZbR5mUS+JQ8Zvzpl0ea5qT/ZT3ZNTUcDKUVqV3xBE8wv/DyQ==
  dependencies:
    "@types/prop-types" "*"
    csstype "^3.0.2"

"@types/yargs-parser@*":
  version "15.0.0"
  resolved "https://registry.yarnpkg.com/@types/yargs-parser/-/yargs-parser-15.0.0.tgz#cb3f9f741869e20cce330ffbeb9271590483882d"
  integrity sha512-FA/BWv8t8ZWJ+gEOnLLd8ygxH/2UFbAvgEonyfN6yWGLKc7zVjbpl2Y4CTjid9h2RfgPP6SEt6uHwEOply00yw==

"@types/yargs@^13.0.0":
  version "13.0.11"
  resolved "https://registry.yarnpkg.com/@types/yargs/-/yargs-13.0.11.tgz#def2f0c93e4bdf2c61d7e34899b17e34be28d3b1"
  integrity sha512-NRqD6T4gktUrDi1o1wLH3EKC1o2caCr7/wR87ODcbVITQF106OM3sFN92ysZ++wqelOd1CTzatnOBRDYYG6wGQ==
  dependencies:
    "@types/yargs-parser" "*"

ansi-regex@^4.0.0:
  version "4.1.0"
  resolved "https://registry.yarnpkg.com/ansi-regex/-/ansi-regex-4.1.0.tgz#8b9f8f08cf1acb843756a839ca8c7e3168c51997"
  integrity sha512-1apePfXM1UOSqw0o9IiFAovVz9M5S1Dg+4TrDwfMewQ6p/rmMueb7tWZjQ1rx4Loy1ArBggoqGpfqqdI4rondg==

ansi-styles@^3.2.0:
  version "3.2.1"
  resolved "https://registry.yarnpkg.com/ansi-styles/-/ansi-styles-3.2.1.tgz#41fbb20243e50b12be0f04b8dedbf07520ce841d"
  integrity sha512-VT0ZI6kZRdTh8YyJw3SMbYm/u+NqfsAxEpWO0Pf9sq8/e94WxxOpPKx9FR1FlyCtOVDNOQ+8ntlqFxiRc+r5qA==
  dependencies:
    color-convert "^1.9.0"

aria-query@3.0.0:
  version "3.0.0"
  resolved "https://registry.yarnpkg.com/aria-query/-/aria-query-3.0.0.tgz#65b3fcc1ca1155a8c9ae64d6eee297f15d5133cc"
  integrity sha1-ZbP8wcoRVajJrmTW7uKX8V1RM8w=
  dependencies:
    ast-types-flow "0.0.7"
    commander "^2.11.0"

ast-types-flow@0.0.7:
  version "0.0.7"
  resolved "https://registry.yarnpkg.com/ast-types-flow/-/ast-types-flow-0.0.7.tgz#f70b735c6bca1a5c9c22d982c3e39e7feba3bdad"
  integrity sha1-9wtzXGvKGlycItmCw+Oef+ujva0=

attr-accept@^2.0.0:
  version "2.2.2"
  resolved "https://registry.yarnpkg.com/attr-accept/-/attr-accept-2.2.2.tgz#646613809660110749e92f2c10833b70968d929b"
  integrity sha512-7prDjvt9HmqiZ0cl5CRjtS84sEyhsHP2coDkaZKRKVfCDo9s7iw7ChVmar78Gu9pC4SoR/28wFu/G5JJhTnqEg==

autosuggest-highlight@^3.1.1:
  version "3.1.1"
  resolved "https://registry.yarnpkg.com/autosuggest-highlight/-/autosuggest-highlight-3.1.1.tgz#70bb4f9125fe8a849e85f825f7bb2a1a4806743d"
  integrity sha512-MQ6GNIGMMZbeA5FlBLXXgkZEthysCdYNkMV4MahB2/qB/9cwBnVsePUPnIqkMuzjzclTtDa67xln7cgLDu2f/g==
  dependencies:
    diacritic "0.0.2"

call-bind@^1.0.0:
  version "1.0.0"
  resolved "https://registry.yarnpkg.com/call-bind/-/call-bind-1.0.0.tgz#24127054bb3f9bdcb4b1fb82418186072f77b8ce"
  integrity sha512-AEXsYIyyDY3MCzbwdhzG3Jx1R0J2wetQyUynn6dYHAO+bg8l1k7jwZtRv4ryryFs7EP+NDlikJlVe59jr0cM2w==
  dependencies:
    function-bind "^1.1.1"
    get-intrinsic "^1.0.0"

classnames@^2.2.6, classnames@~2.2.5:
  version "2.2.6"
  resolved "https://registry.yarnpkg.com/classnames/-/classnames-2.2.6.tgz#43935bffdd291f326dad0a205309b38d00f650ce"
  integrity sha512-JR/iSQOSt+LQIWwrwEzJ9uk0xfN3mTVYMwt1Ir5mUcSN6pU+V4zQFFaJsclJbPuAUQH+yfWef6tm7l1quW3C8Q==

clsx@^1.0.4:
  version "1.1.1"
  resolved "https://registry.yarnpkg.com/clsx/-/clsx-1.1.1.tgz#98b3134f9abbdf23b2663491ace13c5c03a73188"
  integrity sha512-6/bPho624p3S2pMyvP5kKBPXnI3ufHLObBFCfgx+LkeR5lg2XYy2hqZqUf45ypD8COn2bhgGJSUE+l5dhNBieA==

color-convert@^1.9.0:
  version "1.9.3"
  resolved "https://registry.yarnpkg.com/color-convert/-/color-convert-1.9.3.tgz#bb71850690e1f136567de629d2d5471deda4c1e8"
  integrity sha512-QfAUtd+vFdAtFQcC8CCyYt1fYWxSqAiK2cSD6zDB8N3cpsEBAvRxp9zOGg6G/SHHJYAT88/az/IuDGALsNVbGg==
  dependencies:
    color-name "1.1.3"

color-name@1.1.3:
  version "1.1.3"
  resolved "https://registry.yarnpkg.com/color-name/-/color-name-1.1.3.tgz#a7d0558bd89c42f795dd42328f740831ca53bc25"
  integrity sha1-p9BVi9icQveV3UIyj3QIMcpTvCU=

commander@^2.11.0:
  version "2.20.3"
  resolved "https://registry.yarnpkg.com/commander/-/commander-2.20.3.tgz#fd485e84c03eb4881c20722ba48035e8531aeb33"
  integrity sha512-GpVkmM8vF2vQUkj2LvZmD35JxeJOLCwJ9cUkugyk2nuhbv3+mJvpLYYt+0+USMxE+oj+ey/lJEnhZw75x/OMcQ==

compute-scroll-into-view@^1.0.9:
  version "1.0.16"
  resolved "https://registry.yarnpkg.com/compute-scroll-into-view/-/compute-scroll-into-view-1.0.16.tgz#5b7bf4f7127ea2c19b750353d7ce6776a90ee088"
  integrity sha512-a85LHKY81oQnikatZYA90pufpZ6sQx++BoCxOEMsjpZx+ZnaKGQnCyCehTRr/1p9GBIAHTjcU9k71kSYWloLiQ==

connected-react-router@^6.5.2:
  version "6.8.0"
  resolved "https://registry.yarnpkg.com/connected-react-router/-/connected-react-router-6.8.0.tgz#ddc687b31d498322445d235d660798489fa56cae"
  integrity sha512-E64/6krdJM3Ag3MMmh2nKPtMbH15s3JQDuaYJvOVXzu6MbHbDyIvuwLOyhQIuP4Om9zqEfZYiVyflROibSsONg==
  dependencies:
    prop-types "^15.7.2"

css-mediaquery@^0.1.2:
  version "0.1.2"
  resolved "https://registry.yarnpkg.com/css-mediaquery/-/css-mediaquery-0.1.2.tgz#6a2c37344928618631c54bd33cedd301da18bea0"
  integrity sha1-aiw3NEkoYYYxxUvTPO3TAdoYvqA=

css-vendor@^2.0.8:
  version "2.0.8"
  resolved "https://registry.yarnpkg.com/css-vendor/-/css-vendor-2.0.8.tgz#e47f91d3bd3117d49180a3c935e62e3d9f7f449d"
  integrity sha512-x9Aq0XTInxrkuFeHKbYC7zWY8ai7qJ04Kxd9MnvbC1uO5DagxoHQjm4JvG+vCdXOoFtCjbL2XSZfxmoYa9uQVQ==
  dependencies:
    "@babel/runtime" "^7.8.3"
    is-in-browser "^1.0.2"

csstype@^2.5.2:
  version "2.6.13"
  resolved "https://registry.yarnpkg.com/csstype/-/csstype-2.6.13.tgz#a6893015b90e84dd6e85d0e3b442a1e84f2dbe0f"
  integrity sha512-ul26pfSQTZW8dcOnD2iiJssfXw0gdNVX9IJDH/X3K5DGPfj+fUYe3kB+swUY6BF3oZDxaID3AJt+9/ojSAE05A==

csstype@^3.0.2:
  version "3.0.4"
  resolved "https://registry.yarnpkg.com/csstype/-/csstype-3.0.4.tgz#b156d7be03b84ff425c9a0a4b1e5f4da9c5ca888"
  integrity sha512-xc8DUsCLmjvCfoD7LTGE0ou2MIWLx0K9RCZwSHMOdynqRsP4MtUcLeqh1HcQ2dInwDTqn+3CE0/FZh1et+p4jA==

date-fns@^1.29.0:
  version "1.30.1"
  resolved "https://registry.yarnpkg.com/date-fns/-/date-fns-1.30.1.tgz#2e71bf0b119153dbb4cc4e88d9ea5acfb50dc05c"
  integrity sha512-hBSVCvSmWC+QypYObzwGOd9wqdDpOt+0wl0KbU+R+uuZBS1jN8VsD1ss3irQDknRj5NvxiTF6oj/nDRnN/UQNw==

decode-uri-component@^0.2.0:
  version "0.2.0"
  resolved "https://registry.yarnpkg.com/decode-uri-component/-/decode-uri-component-0.2.0.tgz#eb3913333458775cb84cd1a1fae062106bb87545"
  integrity sha1-6zkTMzRYd1y4TNGh+uBiEGu4dUU=

define-properties@^1.1.3:
  version "1.1.3"
  resolved "https://registry.yarnpkg.com/define-properties/-/define-properties-1.1.3.tgz#cf88da6cbee26fe6db7094f61d870cbd84cee9f1"
  integrity sha512-3MqfYKj2lLzdMSf8ZIZE/V+Zuy+BgD6f164e8K2w7dgnpKArBDerGYpM46IYYcjnkdPNMjPk9A6VFB8+3SKlXQ==
  dependencies:
    object-keys "^1.0.12"

diacritic@0.0.2:
  version "0.0.2"
  resolved "https://registry.yarnpkg.com/diacritic/-/diacritic-0.0.2.tgz#fc2a887b5a5bc0a0a854fb614c7c2f209061ee04"
  integrity sha1-/CqIe1pbwKCoVPthTHwvIJBh7gQ=

dom-helpers@^5.0.1:
  version "5.2.0"
  resolved "https://registry.yarnpkg.com/dom-helpers/-/dom-helpers-5.2.0.tgz#57fd054c5f8f34c52a3eeffdb7e7e93cd357d95b"
  integrity sha512-Ru5o9+V8CpunKnz5LGgWXkmrH/20cGKwcHwS4m73zIvs54CN9epEmT/HLqFJW3kXpakAFkEdzgy1hzlJe3E4OQ==
  dependencies:
    "@babel/runtime" "^7.8.7"
    csstype "^3.0.2"

downshift@3.2.7:
  version "3.2.7"
  resolved "https://registry.yarnpkg.com/downshift/-/downshift-3.2.7.tgz#0c40d78d1cbc24753c7a622cfc664df1c9480b4a"
  integrity sha512-mbUO9ZFhMGtksIeVWRFFjNOPN237VsUqZSEYi0VS0Wj38XNLzpgOBTUcUjdjFeB8KVgmrcRa6GGFkTbACpG6FA==
  dependencies:
    "@babel/runtime" "^7.1.2"
    compute-scroll-into-view "^1.0.9"
    prop-types "^15.6.0"
    react-is "^16.5.2"

es-abstract@^1.18.0-next.0, es-abstract@^1.18.0-next.1:
  version "1.18.0-next.1"
  resolved "https://registry.yarnpkg.com/es-abstract/-/es-abstract-1.18.0-next.1.tgz#6e3a0a4bda717e5023ab3b8e90bec36108d22c68"
  integrity sha512-I4UGspA0wpZXWENrdA0uHbnhte683t3qT/1VFH9aX2dA5PPSf6QW5HHXf5HImaqPmjXaVeVk4RGWnaylmV7uAA==
  dependencies:
    es-to-primitive "^1.2.1"
    function-bind "^1.1.1"
    has "^1.0.3"
    has-symbols "^1.0.1"
    is-callable "^1.2.2"
    is-negative-zero "^2.0.0"
    is-regex "^1.1.1"
    object-inspect "^1.8.0"
    object-keys "^1.1.1"
    object.assign "^4.1.1"
    string.prototype.trimend "^1.0.1"
    string.prototype.trimstart "^1.0.1"

es-to-primitive@^1.2.1:
  version "1.2.1"
  resolved "https://registry.yarnpkg.com/es-to-primitive/-/es-to-primitive-1.2.1.tgz#e55cd4c9cdc188bcefb03b366c736323fc5c898a"
  integrity sha512-QCOllgZJtaUo9miYBcLChTUaHNjJF3PYs1VidD7AwiEj1kYxKeQTctLAezAOH5ZKRH0g2IgPn6KwB4IT8iRpvA==
  dependencies:
    is-callable "^1.1.4"
    is-date-object "^1.0.1"
    is-symbol "^1.0.2"

eventemitter3@^3.0.0:
  version "3.1.2"
  resolved "https://registry.yarnpkg.com/eventemitter3/-/eventemitter3-3.1.2.tgz#2d3d48f9c346698fce83a85d7d664e98535df6e7"
  integrity sha512-tvtQIeLVHjDkJYnzf2dgVMxfuSGJeM/7UCG17TT4EumTfNtF+0nebF/4zWOIkCreAbtNqhGEboB6BWrwqNaw4Q==

file-selector@^0.1.12:
  version "0.1.18"
  resolved "https://registry.yarnpkg.com/file-selector/-/file-selector-0.1.18.tgz#a2c63805413d79fc1aed0ea6c7796324dbee48fe"
  integrity sha512-MUY65bNFSE+VraxNpxAz04vDlPuh5qENA0WtfgDWoDnKV7ZN2InI8AbSp0F/3aHoJJVKmZ+cqachhVoBNGifWA==
  dependencies:
    tslib "^2.0.1"

final-form-arrays@^3.0.1:
  version "3.0.2"
  resolved "https://registry.yarnpkg.com/final-form-arrays/-/final-form-arrays-3.0.2.tgz#9f3bef778dec61432357744eb6f3abef7e7f3847"
  integrity sha512-TfO8aZNz3RrsZCDx8GHMQcyztDNpGxSSi9w4wpSNKlmv2PfFWVVM8P7Yj5tj4n0OWax+x5YwTLhT5BnqSlCi+w==

final-form@^4.18.5:
  version "4.20.1"
  resolved "https://registry.yarnpkg.com/final-form/-/final-form-4.20.1.tgz#525a7f7f27f55c28d8994b157b24d6104fc560e9"
  integrity sha512-IIsOK3JRxJrN72OBj7vFWZxtGt3xc1bYwJVPchjVWmDol9DlzMSAOPB+vwe75TUYsw1JaH0fTQnIgwSQZQ9Acg==
  dependencies:
    "@babel/runtime" "^7.10.0"

for-each@^0.3.3:
  version "0.3.3"
  resolved "https://registry.yarnpkg.com/for-each/-/for-each-0.3.3.tgz#69b447e88a0a5d32c3e7084f3f1710034b21376e"
  integrity sha512-jqYfLp7mo9vIyQf8ykW2v7A+2N4QjeCeI5+Dz9XraiO1ign81wjiH7Fb9vSOWvQfNtmSa4H2RoQTrrXivdUZmw==
  dependencies:
    is-callable "^1.1.3"

function-bind@^1.1.1:
  version "1.1.1"
  resolved "https://registry.yarnpkg.com/function-bind/-/function-bind-1.1.1.tgz#a56899d3ea3c9bab874bb9773b7c5ede92f4895d"
  integrity sha512-yIovAzMX49sF8Yl58fSCWJ5svSLuaibPxXQJFLmBObTuCr0Mf1KiPopGM9NiFjiYBCbfaa2Fh6breQ6ANVTI0A==

get-intrinsic@^1.0.0:
  version "1.0.1"
  resolved "https://registry.yarnpkg.com/get-intrinsic/-/get-intrinsic-1.0.1.tgz#94a9768fcbdd0595a1c9273aacf4c89d075631be"
  integrity sha512-ZnWP+AmS1VUaLgTRy47+zKtjTxz+0xMpx3I52i+aalBK1QP19ggLF3Db89KJX7kjfOfP2eoa01qc++GwPgufPg==
  dependencies:
    function-bind "^1.1.1"
    has "^1.0.3"
    has-symbols "^1.0.1"

has-symbols@^1.0.1:
  version "1.0.1"
  resolved "https://registry.yarnpkg.com/has-symbols/-/has-symbols-1.0.1.tgz#9f5214758a44196c406d9bd76cebf81ec2dd31e8"
  integrity sha512-PLcsoqu++dmEIZB+6totNFKq/7Do+Z0u4oT0zKOJNl3lYK6vGwwu2hjHs+68OEZbTjiUE9bgOABXbP/GvrS0Kg==

has@^1.0.3:
  version "1.0.3"
  resolved "https://registry.yarnpkg.com/has/-/has-1.0.3.tgz#722d7cbfc1f6aa8241f16dd814e011e1f41e8796"
  integrity sha512-f2dvO0VU6Oej7RkWJGrehjbzMAjFp5/VKPp5tTpWIV4JHHZK1/BxbFRtf/siA2SWTe09caDmVtYYzWEIbBS4zw==
  dependencies:
    function-bind "^1.1.1"

history@^4.9.0:
  version "4.10.1"
  resolved "https://registry.yarnpkg.com/history/-/history-4.10.1.tgz#33371a65e3a83b267434e2b3f3b1b4c58aad4cf3"
  integrity sha512-36nwAD620w12kuzPAsyINPWJqlNbij+hpK1k9XRloDtym8mxzGYl2c17LnV6IAGB2Dmg4tEa7G7DlawS0+qjew==
  dependencies:
    "@babel/runtime" "^7.1.2"
    loose-envify "^1.2.0"
    resolve-pathname "^3.0.0"
    tiny-invariant "^1.0.2"
    tiny-warning "^1.0.0"
    value-equal "^1.0.1"

hoist-non-react-statics@^3.1.0, hoist-non-react-statics@^3.3.2:
  version "3.3.2"
  resolved "https://registry.yarnpkg.com/hoist-non-react-statics/-/hoist-non-react-statics-3.3.2.tgz#ece0acaf71d62c2969c2ec59feff42a4b1a85b45"
  integrity sha512-/gGivxi8JPKWNm/W0jSmzcMPpfpPLc3dY/6GxhX2hQ9iGj3aDfklV4ET7NjKpSinLpJ5vafa9iiGIEZg10SfBw==
  dependencies:
    react-is "^16.7.0"

hyphenate-style-name@^1.0.3:
  version "1.0.4"
  resolved "https://registry.yarnpkg.com/hyphenate-style-name/-/hyphenate-style-name-1.0.4.tgz#691879af8e220aea5750e8827db4ef62a54e361d"
  integrity sha512-ygGZLjmXfPHj+ZWh6LwbC37l43MhfztxetbFCoYTM2VjkIUpeHgSNn7QIyVFj7YQ1Wl9Cbw5sholVJPzWvC2MQ==

inflection@~1.12.0:
  version "1.12.0"
  resolved "https://registry.yarnpkg.com/inflection/-/inflection-1.12.0.tgz#a200935656d6f5f6bc4dc7502e1aecb703228416"
  integrity sha1-ogCTVlbW9fa8TcdQLhrstwMihBY=

is-callable@^1.1.3, is-callable@^1.1.4, is-callable@^1.2.2:
  version "1.2.2"
  resolved "https://registry.yarnpkg.com/is-callable/-/is-callable-1.2.2.tgz#c7c6715cd22d4ddb48d3e19970223aceabb080d9"
  integrity sha512-dnMqspv5nU3LoewK2N/y7KLtxtakvTuaCsU9FU50/QDmdbHNy/4/JuRtMHqRU22o3q+W89YQndQEeCVwK+3qrA==

is-date-object@^1.0.1:
  version "1.0.2"
  resolved "https://registry.yarnpkg.com/is-date-object/-/is-date-object-1.0.2.tgz#bda736f2cd8fd06d32844e7743bfa7494c3bfd7e"
  integrity sha512-USlDT524woQ08aoZFzh3/Z6ch9Y/EWXEHQ/AaRN0SkKq4t2Jw2R2339tSXmwuVoY7LLlBCbOIlx2myP/L5zk0g==

is-in-browser@^1.0.2, is-in-browser@^1.1.3:
  version "1.1.3"
  resolved "https://registry.yarnpkg.com/is-in-browser/-/is-in-browser-1.1.3.tgz#56ff4db683a078c6082eb95dad7dc62e1d04f835"
  integrity sha1-Vv9NtoOgeMYILrldrX3GLh0E+DU=

is-negative-zero@^2.0.0:
  version "2.0.0"
  resolved "https://registry.yarnpkg.com/is-negative-zero/-/is-negative-zero-2.0.0.tgz#9553b121b0fac28869da9ed459e20c7543788461"
  integrity sha1-lVOxIbD6wohp2p7UWeIMdUN4hGE=

is-regex@^1.1.1:
  version "1.1.1"
  resolved "https://registry.yarnpkg.com/is-regex/-/is-regex-1.1.1.tgz#c6f98aacc546f6cec5468a07b7b153ab564a57b9"
  integrity sha512-1+QkEcxiLlB7VEyFtyBg94e08OAsvq7FUBgApTq/w2ymCLyKJgDPsybBENVtA7XCQEgEXxKPonG+mvYRxh/LIg==
  dependencies:
    has-symbols "^1.0.1"

is-symbol@^1.0.2:
  version "1.0.3"
  resolved "https://registry.yarnpkg.com/is-symbol/-/is-symbol-1.0.3.tgz#38e1014b9e6329be0de9d24a414fd7441ec61937"
  integrity sha512-OwijhaRSgqvhm/0ZdAcXNZt9lYdKFpcRDT5ULUuYXPoT794UNOdU+gpT6Rzo7b4V2HUl/op6GqY894AZwv9faQ==
  dependencies:
    has-symbols "^1.0.1"

isarray@0.0.1:
  version "0.0.1"
  resolved "https://registry.yarnpkg.com/isarray/-/isarray-0.0.1.tgz#8a18acfca9a8f4177e09abfc6038939b05d1eedf"
  integrity sha1-ihis/Kmo9Bd+Cav8YDiTmwXR7t8=

"js-tokens@^3.0.0 || ^4.0.0":
  version "4.0.0"
  resolved "https://registry.yarnpkg.com/js-tokens/-/js-tokens-4.0.0.tgz#19203fb59991df98e3a287050d4647cdeaf32499"
  integrity sha512-RdJUflcE3cUzKiMqQgsCu06FPu9UdIJO0beYbPhHN4k6apgJtifcoCtT9bcxOpYBtpD2kCM6Sbzg4CausW/PKQ==

jsonexport@^2.4.1:
  version "2.5.2"
  resolved "https://registry.yarnpkg.com/jsonexport/-/jsonexport-2.5.2.tgz#fafbcdb2cb8e12d0a2a92cda6e0634c8d48005ac"
  integrity sha512-4joNLCxxUAmS22GN3GA5os/MYFnq8oqXOKvoCymmcT0MPz/QPZ5eA+Fh5sIPxUji45RKq8DdQ1yoKq91p4E9VA==

jss-plugin-camel-case@^10.0.3:
  version "10.4.0"
  resolved "https://registry.yarnpkg.com/jss-plugin-camel-case/-/jss-plugin-camel-case-10.4.0.tgz#46c75ff7fd61c304984c21af5817823f0f501ceb"
  integrity sha512-9oDjsQ/AgdBbMyRjc06Kl3P8lDCSEts2vYZiPZfGAxbGCegqE4RnMob3mDaBby5H9vL9gWmyyImhLRWqIkRUCw==
  dependencies:
    "@babel/runtime" "^7.3.1"
    hyphenate-style-name "^1.0.3"
    jss "10.4.0"

jss-plugin-default-unit@^10.0.3:
  version "10.4.0"
  resolved "https://registry.yarnpkg.com/jss-plugin-default-unit/-/jss-plugin-default-unit-10.4.0.tgz#2b10f01269eaea7f36f0f5fd1cfbfcc76ed42854"
  integrity sha512-BYJ+Y3RUYiMEgmlcYMLqwbA49DcSWsGgHpVmEEllTC8MK5iJ7++pT9TnKkKBnNZZxTV75ycyFCR5xeLSOzVm4A==
  dependencies:
    "@babel/runtime" "^7.3.1"
    jss "10.4.0"

jss-plugin-global@^10.0.3:
  version "10.4.0"
  resolved "https://registry.yarnpkg.com/jss-plugin-global/-/jss-plugin-global-10.4.0.tgz#19449425a94e4e74e113139b629fd44d3577f97d"
  integrity sha512-b8IHMJUmv29cidt3nI4bUI1+Mo5RZE37kqthaFpmxf5K7r2aAegGliAw4hXvA70ca6ckAoXMUl4SN/zxiRcRag==
  dependencies:
    "@babel/runtime" "^7.3.1"
    jss "10.4.0"

jss-plugin-nested@^10.0.3:
  version "10.4.0"
  resolved "https://registry.yarnpkg.com/jss-plugin-nested/-/jss-plugin-nested-10.4.0.tgz#017d0c02c0b6b454fd9d7d3fc33470a15eea9fd1"
  integrity sha512-cKgpeHIxAP0ygeWh+drpLbrxFiak6zzJ2toVRi/NmHbpkNaLjTLgePmOz5+67ln3qzJiPdXXJB1tbOyYKAP4Pw==
  dependencies:
    "@babel/runtime" "^7.3.1"
    jss "10.4.0"
    tiny-warning "^1.0.2"

jss-plugin-props-sort@^10.0.3:
  version "10.4.0"
  resolved "https://registry.yarnpkg.com/jss-plugin-props-sort/-/jss-plugin-props-sort-10.4.0.tgz#7110bf0b6049cc2080b220b506532bf0b70c0e07"
  integrity sha512-j/t0R40/2fp+Nzt6GgHeUFnHVY2kPGF5drUVlgkcwYoHCgtBDOhTTsOfdaQFW6sHWfoQYgnGV4CXdjlPiRrzwA==
  dependencies:
    "@babel/runtime" "^7.3.1"
    jss "10.4.0"

jss-plugin-rule-value-function@^10.0.3:
  version "10.4.0"
  resolved "https://registry.yarnpkg.com/jss-plugin-rule-value-function/-/jss-plugin-rule-value-function-10.4.0.tgz#7cff4a91e84973536fa49b6ebbdbf7f339b01c82"
  integrity sha512-w8504Cdfu66+0SJoLkr6GUQlEb8keHg8ymtJXdVHWh0YvFxDG2l/nS93SI5Gfx0fV29dO6yUugXnKzDFJxrdFQ==
  dependencies:
    "@babel/runtime" "^7.3.1"
    jss "10.4.0"
    tiny-warning "^1.0.2"

jss-plugin-vendor-prefixer@^10.0.3:
  version "10.4.0"
  resolved "https://registry.yarnpkg.com/jss-plugin-vendor-prefixer/-/jss-plugin-vendor-prefixer-10.4.0.tgz#2a78f3c5d57d1e024fe7ad7c41de34d04e72ecc0"
  integrity sha512-DpF+/a+GU8hMh/948sBGnKSNfKkoHg2p9aRFUmyoyxgKjOeH9n74Ht3Yt8lOgdZsuWNJbPrvaa3U4PXKwxVpTQ==
  dependencies:
    "@babel/runtime" "^7.3.1"
    css-vendor "^2.0.8"
    jss "10.4.0"

jss@10.4.0, jss@^10.0.3:
  version "10.4.0"
  resolved "https://registry.yarnpkg.com/jss/-/jss-10.4.0.tgz#473a6fbe42e85441020a07e9519dac1e8a2e79ca"
  integrity sha512-l7EwdwhsDishXzqTc3lbsbyZ83tlUl5L/Hb16pHCvZliA9lRDdNBZmHzeJHP0sxqD0t1mrMmMR8XroR12JBYzw==
  dependencies:
    "@babel/runtime" "^7.3.1"
    csstype "^3.0.2"
    is-in-browser "^1.1.3"
    tiny-warning "^1.0.2"

lodash@~4.17.5:
  version "4.17.20"
  resolved "https://registry.yarnpkg.com/lodash/-/lodash-4.17.20.tgz#b44a9b6297bcb698f1c51a3545a2b3b368d59c52"
  integrity sha512-PlhdFcillOINfeV7Ni6oF1TAEayyZBoZ8bcshTHqOYJYlrqzRK5hagpagky5o4HfCzzd1TRkXPMFq6cKk9rGmA==

loose-envify@^1.0.0, loose-envify@^1.1.0, loose-envify@^1.2.0, loose-envify@^1.3.1, loose-envify@^1.4.0:
  version "1.4.0"
  resolved "https://registry.yarnpkg.com/loose-envify/-/loose-envify-1.4.0.tgz#71ee51fa7be4caec1a63839f7e682d8132d30caf"
  integrity sha512-lyuxPGr/Wfhrlem2CL/UcnUc1zcqKAImBDzukY7Y5F/yQiNdko6+fRLevlw1HgMySw7f611UIY408EtxRSoK3Q==
  dependencies:
    js-tokens "^3.0.0 || ^4.0.0"

mini-create-react-context@^0.4.0:
  version "0.4.1"
  resolved "https://registry.yarnpkg.com/mini-create-react-context/-/mini-create-react-context-0.4.1.tgz#072171561bfdc922da08a60c2197a497cc2d1d5e"
  integrity sha512-YWCYEmd5CQeHGSAKrYvXgmzzkrvssZcuuQDDeqkT+PziKGMgE+0MCCtcKbROzocGBG1meBLl2FotlRwf4gAzbQ==
  dependencies:
    "@babel/runtime" "^7.12.1"
    tiny-warning "^1.0.3"

node-polyglot@^2.2.2:
  version "2.4.0"
  resolved "https://registry.yarnpkg.com/node-polyglot/-/node-polyglot-2.4.0.tgz#0d2717ed06640d9ff48a2aebe8d13e39ef03518f"
  integrity sha512-KRzKwzMWm3wSAjOSop7/WwNyzaMkCe9ddkwXTQsIZEJmvEnqy/bCqLpAVw6xBszKfy4iLdYVA0d83L+cIkYPbA==
  dependencies:
    for-each "^0.3.3"
    has "^1.0.3"
    string.prototype.trim "^1.1.2"
    warning "^4.0.3"

object-assign@^4.1.0, object-assign@^4.1.1:
  version "4.1.1"
  resolved "https://registry.yarnpkg.com/object-assign/-/object-assign-4.1.1.tgz#2109adc7965887cfc05cbbd442cac8bfbb360863"
  integrity sha1-IQmtx5ZYh8/AXLvUQsrIv7s2CGM=

object-inspect@^1.8.0:
  version "1.8.0"
  resolved "https://registry.yarnpkg.com/object-inspect/-/object-inspect-1.8.0.tgz#df807e5ecf53a609cc6bfe93eac3cc7be5b3a9d0"
  integrity sha512-jLdtEOB112fORuypAyl/50VRVIBIdVQOSUUGQHzJ4xBSbit81zRarz7GThkEFZy1RceYrWYcPcBFPQwHyAc1gA==

object-keys@^1.0.12, object-keys@^1.1.1:
  version "1.1.1"
  resolved "https://registry.yarnpkg.com/object-keys/-/object-keys-1.1.1.tgz#1c47f272df277f3b1daf061677d9c82e2322c60e"
  integrity sha512-NuAESUOUMrlIXOfHKzD6bpPu3tYt3xvjNdRIQ+FeT0lNb4K8WR70CaDxhuNguS2XG+GjkyMwOzsN5ZktImfhLA==

object.assign@^4.1.1:
  version "4.1.2"
  resolved "https://registry.yarnpkg.com/object.assign/-/object.assign-4.1.2.tgz#0ed54a342eceb37b38ff76eb831a0e788cb63940"
  integrity sha512-ixT2L5THXsApyiUPYKmW+2EHpXXe5Ii3M+f4e+aJFAHao5amFRW6J0OO6c/LU8Be47utCx2GL89hxGB6XSmKuQ==
  dependencies:
    call-bind "^1.0.0"
    define-properties "^1.1.3"
    has-symbols "^1.0.1"
    object-keys "^1.1.1"

path-to-regexp@^1.7.0:
  version "1.8.0"
  resolved "https://registry.yarnpkg.com/path-to-regexp/-/path-to-regexp-1.8.0.tgz#887b3ba9d84393e87a0a0b9f4cb756198b53548a"
  integrity sha512-n43JRhlUKUAlibEJhPeir1ncUID16QnEjNpwzNdO3Lm4ywrBpBZ5oLD0I6br9evr1Y9JTqwRtAh7JLoOzAQdVA==
  dependencies:
    isarray "0.0.1"

popper.js@1.16.1-lts:
  version "1.16.1-lts"
  resolved "https://registry.yarnpkg.com/popper.js/-/popper.js-1.16.1-lts.tgz#cf6847b807da3799d80ee3d6d2f90df8a3f50b05"
  integrity sha512-Kjw8nKRl1m+VrSFCoVGPph93W/qrSO7ZkqPpTf7F4bk/sqcfWK019dWBUpE/fBOsOQY1dks/Bmcbfn1heM/IsA==

pretty-format@^24.8.0:
  version "24.9.0"
  resolved "https://registry.yarnpkg.com/pretty-format/-/pretty-format-24.9.0.tgz#12fac31b37019a4eea3c11aa9a959eb7628aa7c9"
  integrity sha512-00ZMZUiHaJrNfk33guavqgvfJS30sLYf0f8+Srklv0AMPodGGHcoHgksZ3OThYnIvOd+8yMCn0YiEOogjlgsnA==
  dependencies:
    "@jest/types" "^24.9.0"
    ansi-regex "^4.0.0"
    ansi-styles "^3.2.0"
    react-is "^16.8.4"

prop-types@^15.6.0, prop-types@^15.6.1, prop-types@^15.6.2, prop-types@^15.7.0, prop-types@^15.7.2:
  version "15.7.2"
  resolved "https://registry.yarnpkg.com/prop-types/-/prop-types-15.7.2.tgz#52c41e75b8c87e72b9d9360e0206b99dcbffa6c5"
  integrity sha512-8QQikdH7//R2vurIJSutZ1smHYTcLpRWEOlHnzcWHmBYrOGUysKwSsrC89BCiFj3CbrfJ/nXFdJepOVrY1GCHQ==
  dependencies:
    loose-envify "^1.4.0"
    object-assign "^4.1.1"
    react-is "^16.8.1"

query-string@^5.1.1:
  version "5.1.1"
  resolved "https://registry.yarnpkg.com/query-string/-/query-string-5.1.1.tgz#a78c012b71c17e05f2e3fa2319dd330682efb3cb"
  integrity sha512-gjWOsm2SoGlgLEdAGt7a6slVOk9mGiXmPFMqrEhLQ68rhQuBnpfs3+EmlvqKyxnCo9/PPlF+9MtY02S1aFg+Jw==
  dependencies:
    decode-uri-component "^0.2.0"
    object-assign "^4.1.0"
    strict-uri-encode "^1.0.0"

ra-core@^3.9.6:
  version "3.9.6"
  resolved "https://registry.yarnpkg.com/ra-core/-/ra-core-3.9.6.tgz#980798577d513049f67cbc9c473e6f736bee628b"
  integrity sha512-NodkrYKROb6nCjs9iwd2V3rOCBmDQvlBBMjuZYo3v4VzOpSOfwpjEXiYS0hTMBsm/8YJHgqHWqJTli10TPFZgg==
  dependencies:
    "@testing-library/react" "^8.0.7"
    classnames "~2.2.5"
    date-fns "^1.29.0"
    eventemitter3 "^3.0.0"
    inflection "~1.12.0"
    lodash "~4.17.5"
    prop-types "^15.6.1"
    query-string "^5.1.1"
    reselect "~3.0.0"

ra-i18n-polyglot@^3.9.6:
  version "3.9.6"
  resolved "https://registry.yarnpkg.com/ra-i18n-polyglot/-/ra-i18n-polyglot-3.9.6.tgz#b1a31ffd0a32bba21f81c5ffc426bbee6c82ce92"
  integrity sha512-h2xtJ+DgXrw2N3AGQpLkjGol/aQCiYIq1EUzwfHjQ58lQhe3AqeDu8NU8GNpG3gRwGxDkomq5nhj1xctLzhtiw==
  dependencies:
    node-polyglot "^2.2.2"
    ra-core "^3.9.6"

ra-language-english@^3.9.6:
  version "3.9.6"
  resolved "https://registry.yarnpkg.com/ra-language-english/-/ra-language-english-3.9.6.tgz#c690fc55aa5c431185415aaa9a0ae1903c1949a9"
  integrity sha512-xOoYf2YkePSm99YlSQW62fIhk6BKF9SwYypUVW29dFihVKXpfjxzcqn31l9Vt2c8jMxplR1vOugKr5r3kdByVQ==
  dependencies:
    ra-core "^3.9.6"

ra-ui-materialui@^3.9.6:
  version "3.9.6"
  resolved "https://registry.yarnpkg.com/ra-ui-materialui/-/ra-ui-materialui-3.9.6.tgz#4bc7addada702e2673238eea2a76f1b666b8d4ac"
  integrity sha512-qu7OpycCBCueCG91EDGYzLM2UDCv46RniVqco4tpzOBM3NFvWTTagdR1k0mJ2kCg5JQYc5lg5wQkBO572UxFgg==
  dependencies:
    autosuggest-highlight "^3.1.1"
    classnames "~2.2.5"
    connected-react-router "^6.5.2"
    css-mediaquery "^0.1.2"
    downshift "3.2.7"
    inflection "~1.12.0"
    jsonexport "^2.4.1"
    lodash "~4.17.5"
    prop-types "^15.7.0"
    query-string "^5.1.1"
    react-dropzone "^10.1.7"
    react-transition-group "^4.4.1"

react-admin@^3.9.6:
  version "3.9.6"
  resolved "https://registry.yarnpkg.com/react-admin/-/react-admin-3.9.6.tgz#4f62ddb065aebbee9c5c4206b4567c76b265dc74"
  integrity sha512-fMQF2KqU5Vl0mSRvF5XZR0pFM/wFm3gxUaQUNt6NAO/sJuineBucz0E7q9G0Cz6pq1Cf5FUUDGy40zjcR4ylfQ==
  dependencies:
    "@material-ui/core" "^4.3.3"
    "@material-ui/icons" "^4.2.1"
    "@material-ui/styles" "^4.3.3"
    connected-react-router "^6.5.2"
    final-form "^4.18.5"
    final-form-arrays "^3.0.1"
    ra-core "^3.9.6"
    ra-i18n-polyglot "^3.9.6"
    ra-language-english "^3.9.6"
    ra-ui-materialui "^3.9.6"
    react-final-form "^6.3.3"
    react-final-form-arrays "^3.1.1"
    react-redux "^7.1.0"
    react-router "^5.1.0"
    react-router-dom "^5.1.0"
    redux "^3.7.2 || ^4.0.3"
    redux-saga "^1.0.0"

react-dropzone@^10.1.7:
  version "10.2.2"
  resolved "https://registry.yarnpkg.com/react-dropzone/-/react-dropzone-10.2.2.tgz#67b4db7459589a42c3b891a82eaf9ade7650b815"
  integrity sha512-U5EKckXVt6IrEyhMMsgmHQiWTGLudhajPPG77KFSvgsMqNEHSyGpqWvOMc5+DhEah/vH4E1n+J5weBNLd5VtyA==
  dependencies:
    attr-accept "^2.0.0"
    file-selector "^0.1.12"
    prop-types "^15.7.2"

react-final-form-arrays@^3.1.1:
  version "3.1.3"
  resolved "https://registry.yarnpkg.com/react-final-form-arrays/-/react-final-form-arrays-3.1.3.tgz#d3594c500495a4cf5e437070ada989da9624bba2"
  integrity sha512-dzBiLfbr9l1YRExARBpJ8uA/djBenCvFrbrsXjd362joDl3vT+WhmMKKr6HDQMJffjA8T4gZ3n5+G9M59yZfuQ==
  dependencies:
    "@babel/runtime" "^7.12.1"

react-final-form@^6.3.3:
  version "6.5.2"
  resolved "https://registry.yarnpkg.com/react-final-form/-/react-final-form-6.5.2.tgz#d04d1eb7d92eabc6f6c35206bb0eebfc4bfd924b"
  integrity sha512-c5l45FYOoxtfpvsvMFh3w2WW8KNxbuebBUrM16rUrooQkewTs0Zahmv0TuKFX5jsC9BKn5Fo84j3ZVXQdURS4w==
  dependencies:
    "@babel/runtime" "^7.12.1"

react-is@^16.13.1, react-is@^16.5.2, react-is@^16.6.0, react-is@^16.7.0, react-is@^16.8.0, react-is@^16.8.1, react-is@^16.8.4:
  version "16.13.1"
  resolved "https://registry.yarnpkg.com/react-is/-/react-is-16.13.1.tgz#789729a4dc36de2999dc156dd6c1d9c18cea56a4"
  integrity sha512-24e6ynE2H+OKt4kqsOvNd8kBpV65zoxbA4BVsEOB3ARVWQki/DHzaUoC5KuON/BiccDaCCTZBuOcfZs70kR8bQ==

react-redux@^7.1.0:
  version "7.2.2"
  resolved "https://registry.yarnpkg.com/react-redux/-/react-redux-7.2.2.tgz#03862e803a30b6b9ef8582dadcc810947f74b736"
  integrity sha512-8+CQ1EvIVFkYL/vu6Olo7JFLWop1qRUeb46sGtIMDCSpgwPQq8fPLpirIB0iTqFe9XYEFPHssdX8/UwN6pAkEA==
  dependencies:
    "@babel/runtime" "^7.12.1"
    hoist-non-react-statics "^3.3.2"
    loose-envify "^1.4.0"
    prop-types "^15.7.2"
    react-is "^16.13.1"

react-router-dom@^5.1.0:
  version "5.2.0"
  resolved "https://registry.yarnpkg.com/react-router-dom/-/react-router-dom-5.2.0.tgz#9e65a4d0c45e13289e66c7b17c7e175d0ea15662"
  integrity sha512-gxAmfylo2QUjcwxI63RhQ5G85Qqt4voZpUXSEqCwykV0baaOTQDR1f0PmY8AELqIyVc0NEZUj0Gov5lNGcXgsA==
  dependencies:
    "@babel/runtime" "^7.1.2"
    history "^4.9.0"
    loose-envify "^1.3.1"
    prop-types "^15.6.2"
    react-router "5.2.0"
    tiny-invariant "^1.0.2"
    tiny-warning "^1.0.0"

react-router@5.2.0, react-router@^5.1.0:
  version "5.2.0"
  resolved "https://registry.yarnpkg.com/react-router/-/react-router-5.2.0.tgz#424e75641ca8747fbf76e5ecca69781aa37ea293"
  integrity sha512-smz1DUuFHRKdcJC0jobGo8cVbhO3x50tCL4icacOlcwDOEQPq4TMqwx3sY1TP+DvtTgz4nm3thuo7A+BK2U0Dw==
  dependencies:
    "@babel/runtime" "^7.1.2"
    history "^4.9.0"
    hoist-non-react-statics "^3.1.0"
    loose-envify "^1.3.1"
    mini-create-react-context "^0.4.0"
    path-to-regexp "^1.7.0"
    prop-types "^15.6.2"
    react-is "^16.6.0"
    tiny-invariant "^1.0.2"
    tiny-warning "^1.0.0"

react-transition-group@^4.4.0, react-transition-group@^4.4.1:
  version "4.4.1"
  resolved "https://registry.yarnpkg.com/react-transition-group/-/react-transition-group-4.4.1.tgz#63868f9325a38ea5ee9535d828327f85773345c9"
  integrity sha512-Djqr7OQ2aPUiYurhPalTrVy9ddmFCCzwhqQmtN+J3+3DzLO209Fdr70QrN8Z3DsglWql6iY1lDWAfpFiBtuKGw==
  dependencies:
    "@babel/runtime" "^7.5.5"
    dom-helpers "^5.0.1"
    loose-envify "^1.4.0"
    prop-types "^15.6.2"

react@^17.0.1:
  version "17.0.1"
  resolved "https://registry.yarnpkg.com/react/-/react-17.0.1.tgz#6e0600416bd57574e3f86d92edba3d9008726127"
  integrity sha512-lG9c9UuMHdcAexXtigOZLX8exLWkW0Ku29qPRU8uhF2R9BN96dLCt0psvzPLlHc5OWkgymP3qwTRgbnw5BKx3w==
  dependencies:
    loose-envify "^1.1.0"
    object-assign "^4.1.1"

redux-saga@^1.0.0:
  version "1.1.3"
  resolved "https://registry.yarnpkg.com/redux-saga/-/redux-saga-1.1.3.tgz#9f3e6aebd3c994bbc0f6901a625f9a42b51d1112"
  integrity sha512-RkSn/z0mwaSa5/xH/hQLo8gNf4tlvT18qXDNvedihLcfzh+jMchDgaariQoehCpgRltEm4zHKJyINEz6aqswTw==
  dependencies:
    "@redux-saga/core" "^1.1.3"

"redux@^3.7.2 || ^4.0.3", redux@^4.0.4:
  version "4.0.5"
  resolved "https://registry.yarnpkg.com/redux/-/redux-4.0.5.tgz#4db5de5816e17891de8a80c424232d06f051d93f"
  integrity sha512-VSz1uMAH24DM6MF72vcojpYPtrTUu3ByVWfPL1nPfVRb5mZVTve5GnNCUV53QM/BZ66xfWrm0CTWoM+Xlz8V1w==
  dependencies:
    loose-envify "^1.4.0"
    symbol-observable "^1.2.0"

regenerator-runtime@^0.13.4:
  version "0.13.7"
  resolved "https://registry.yarnpkg.com/regenerator-runtime/-/regenerator-runtime-0.13.7.tgz#cac2dacc8a1ea675feaabaeb8ae833898ae46f55"
  integrity sha512-a54FxoJDIr27pgf7IgeQGxmqUNYrcV338lf/6gH456HZ/PhX+5BcwHXG9ajESmwe6WRO0tAzRUrRmNONWgkrew==

reselect@~3.0.0:
  version "3.0.1"
  resolved "https://registry.yarnpkg.com/reselect/-/reselect-3.0.1.tgz#efdaa98ea7451324d092b2b2163a6a1d7a9a2147"
  integrity sha1-79qpjqdFEyTQkrKyFjpqHXqaIUc=

resolve-pathname@^3.0.0:
  version "3.0.0"
  resolved "https://registry.yarnpkg.com/resolve-pathname/-/resolve-pathname-3.0.0.tgz#99d02224d3cf263689becbb393bc560313025dcd"
  integrity sha512-C7rARubxI8bXFNB/hqcp/4iUeIXJhJZvFPFPiSPRnhU5UPxzMFIl+2E6yY6c4k9giDJAhtV+enfA+G89N6Csng==

strict-uri-encode@^1.0.0:
  version "1.1.0"
  resolved "https://registry.yarnpkg.com/strict-uri-encode/-/strict-uri-encode-1.1.0.tgz#279b225df1d582b1f54e65addd4352e18faa0713"
  integrity sha1-J5siXfHVgrH1TmWt3UNS4Y+qBxM=

string.prototype.trim@^1.1.2:
  version "1.2.2"
  resolved "https://registry.yarnpkg.com/string.prototype.trim/-/string.prototype.trim-1.2.2.tgz#f538d0bacd98fc4297f0bef645226d5aaebf59f3"
  integrity sha512-b5yrbl3BXIjHau9Prk7U0RRYcUYdN4wGSVaqoBQS50CCE3KBuYU0TYRNPFCP7aVoNMX87HKThdMRVIP3giclKg==
  dependencies:
    define-properties "^1.1.3"
    es-abstract "^1.18.0-next.0"

string.prototype.trimend@^1.0.1:
  version "1.0.2"
  resolved "https://registry.yarnpkg.com/string.prototype.trimend/-/string.prototype.trimend-1.0.2.tgz#6ddd9a8796bc714b489a3ae22246a208f37bfa46"
  integrity sha512-8oAG/hi14Z4nOVP0z6mdiVZ/wqjDtWSLygMigTzAb+7aPEDTleeFf+WrF+alzecxIRkckkJVn+dTlwzJXORATw==
  dependencies:
    define-properties "^1.1.3"
    es-abstract "^1.18.0-next.1"

string.prototype.trimstart@^1.0.1:
  version "1.0.2"
  resolved "https://registry.yarnpkg.com/string.prototype.trimstart/-/string.prototype.trimstart-1.0.2.tgz#22d45da81015309cd0cdd79787e8919fc5c613e7"
  integrity sha512-7F6CdBTl5zyu30BJFdzSTlSlLPwODC23Od+iLoVH8X6+3fvDPPuBVVj9iaB1GOsSTSIgVfsfm27R2FGrAPznWg==
  dependencies:
    define-properties "^1.1.3"
    es-abstract "^1.18.0-next.1"

symbol-observable@^1.2.0:
  version "1.2.0"
  resolved "https://registry.yarnpkg.com/symbol-observable/-/symbol-observable-1.2.0.tgz#c22688aed4eab3cdc2dfeacbb561660560a00804"
  integrity sha512-e900nM8RRtGhlV36KGEU9k65K3mPb1WV70OdjfxlG2EAuM1noi/E/BaW/uMhL7bPEssK8QV57vN3esixjUvcXQ==

tiny-invariant@^1.0.2:
  version "1.1.0"
  resolved "https://registry.yarnpkg.com/tiny-invariant/-/tiny-invariant-1.1.0.tgz#634c5f8efdc27714b7f386c35e6760991d230875"
  integrity sha512-ytxQvrb1cPc9WBEI/HSeYYoGD0kWnGEOR8RY6KomWLBVhqz0RgTwVO9dLrGz7dC+nN9llyI7OKAgRq8Vq4ZBSw==

tiny-warning@^1.0.0, tiny-warning@^1.0.2, tiny-warning@^1.0.3:
  version "1.0.3"
  resolved "https://registry.yarnpkg.com/tiny-warning/-/tiny-warning-1.0.3.tgz#94a30db453df4c643d0fd566060d60a875d84754"
  integrity sha512-lBN9zLN/oAf68o3zNXYrdCt1kP8WsiGW8Oo2ka41b2IM5JL/S1CTyX1rW0mb/zSuJun0ZUrDxx4sqvYS2FWzPA==

tslib@^2.0.1:
  version "2.0.3"
  resolved "https://registry.yarnpkg.com/tslib/-/tslib-2.0.3.tgz#8e0741ac45fc0c226e58a17bfc3e64b9bc6ca61c"
  integrity sha512-uZtkfKblCEQtZKBF6EBXVZeQNl82yqtDQdv+eck8u7tdPxjLu2/lp5/uPW+um2tpuxINHWy3GhiccY7QgEaVHQ==

typescript-compare@^0.0.2:
  version "0.0.2"
  resolved "https://registry.yarnpkg.com/typescript-compare/-/typescript-compare-0.0.2.tgz#7ee40a400a406c2ea0a7e551efd3309021d5f425"
  integrity sha512-8ja4j7pMHkfLJQO2/8tut7ub+J3Lw2S3061eJLFQcvs3tsmJKp8KG5NtpLn7KcY2w08edF74BSVN7qJS0U6oHA==
  dependencies:
    typescript-logic "^0.0.0"

typescript-logic@^0.0.0:
  version "0.0.0"
  resolved "https://registry.yarnpkg.com/typescript-logic/-/typescript-logic-0.0.0.tgz#66ebd82a2548f2b444a43667bec120b496890196"
  integrity sha512-zXFars5LUkI3zP492ls0VskH3TtdeHCqu0i7/duGt60i5IGPIpAHE/DWo5FqJ6EjQ15YKXrt+AETjv60Dat34Q==

typescript-tuple@^2.2.1:
  version "2.2.1"
  resolved "https://registry.yarnpkg.com/typescript-tuple/-/typescript-tuple-2.2.1.tgz#7d9813fb4b355f69ac55032e0363e8bb0f04dad2"
  integrity sha512-Zcr0lbt8z5ZdEzERHAMAniTiIKerFCMgd7yjq1fPnDJ43et/k9twIFQMUYff9k5oXcsQ0WpvFcgzK2ZKASoW6Q==
  dependencies:
    typescript-compare "^0.0.2"

value-equal@^1.0.1:
  version "1.0.1"
  resolved "https://registry.yarnpkg.com/value-equal/-/value-equal-1.0.1.tgz#1e0b794c734c5c0cade179c437d356d931a34d6c"
  integrity sha512-NOJ6JZCAWr0zlxZt+xqCHNTEKOsrks2HQd4MqhP1qy4z1SkbEP467eNx6TgDKXMvUOb+OENfJCZwM+16n7fRfw==

wait-for-expect@^1.2.0:
  version "1.3.0"
  resolved "https://registry.yarnpkg.com/wait-for-expect/-/wait-for-expect-1.3.0.tgz#65241ce355425f907f5d127bdb5e72c412ff830c"
  integrity sha512-8fJU7jiA96HfGPt+P/UilelSAZfhMBJ52YhKzlmZQvKEZU2EcD1GQ0yqGB6liLdHjYtYAoGVigYwdxr5rktvzA==

warning@^4.0.3:
  version "4.0.3"
  resolved "https://registry.yarnpkg.com/warning/-/warning-4.0.3.tgz#16e9e077eb8a86d6af7d64aa1e05fd85b4678ca3"
  integrity sha512-rpJyN222KWIvHJ/F53XSZv0Zl/accqHR8et1kpaMTD/fLCRxtV8iX8czMzY7sVZupTI3zcUTg8eycS2kNF9l6w==
  dependencies:
    loose-envify "^1.0.0"
